
Microsoft Visual Studio Solution File, Format Version 12.00
# Visual Studio 2013
VisualStudioVersion = 12.0.40629.0
MinimumVisualStudioVersion = 10.0.40219.1
Project("{FAE04EC0-301F-11D3-BF4B-00C04F79EFBC}") = "BuhtigIssueTracker", "BuhtigIssueTracker\BuhtigIssueTracker.csproj", "{DDD7E7BC-80BB-4029-ABDD-36542AEC38E2}"
EndProject
Project("{FAE04EC0-301F-11D3-BF4B-00C04F79EFBC}") = "BuhtigIssueTracker.Test", "BuhtigIssueTracker.Test\BuhtigIssueTracker.Test.csproj", "{99ECC0D5-0723-4842-A479-E15DE98FFF95}"
EndProject
Global
	GlobalSection(SolutionConfigurationPlatforms) = preSolution
		Debug|Any CPU = Debug|Any CPU
		Release|Any CPU = Release|Any CPU
	EndGlobalSection
	GlobalSection(ProjectConfigurationPlatforms) = postSolution
		{DDD7E7BC-80BB-4029-ABDD-36542AEC38E2}.Debug|Any CPU.ActiveCfg = Debug|Any CPU
		{DDD7E7BC-80BB-4029-ABDD-36542AEC38E2}.Debug|Any CPU.Build.0 = Debug|Any CPU
		{DDD7E7BC-80BB-4029-ABDD-36542AEC38E2}.Release|Any CPU.ActiveCfg = Release|Any CPU
		{DDD7E7BC-80BB-4029-ABDD-36542AEC38E2}.Release|Any CPU.Build.0 = Release|Any CPU
		{99ECC0D5-0723-4842-A479-E15DE98FFF95}.Debug|Any CPU.ActiveCfg = Debug|Any CPU
		{99ECC0D5-0723-4842-A479-E15DE98FFF95}.Debug|Any CPU.Build.0 = Debug|Any CPU
		{99ECC0D5-0723-4842-A479-E15DE98FFF95}.Release|Any CPU.ActiveCfg = Release|Any CPU
		{99ECC0D5-0723-4842-A479-E15DE98FFF95}.Release|Any CPU.Build.0 = Release|Any CPU
	EndGlobalSection
	GlobalSection(SolutionProperties) = preSolution
		HideSolutionNode = FALSE
	EndGlobalSection
EndGlobal
