
Microsoft Visual Studio Solution File, Format Version 12.00
# Visual Studio 2013
VisualStudioVersion = 12.0.40629.0
MinimumVisualStudioVersion = 10.0.40219.1
Project("{FAE04EC0-301F-11D3-BF4B-00C04F79EFBC}") = "ArrayManipulator", "AdvanceCSharpExam11Oct\ArrayManipulator.csproj", "{984D1B3D-451A-4102-AF1D-7681186FE297}"
EndProject
Project("{FAE04EC0-301F-11D3-BF4B-00C04F79EFBC}") = "RadioactiveMutantVampireBunnies", "RadioactiveMutantVampireBunnies\RadioactiveMutantVampireBunnies.csproj", "{D88B2B14-670E-4A7F-8DC8-F440DDFD8D07}"
EndProject
Project("{FAE04EC0-301F-11D3-BF4B-00C04F79EFBC}") = "ShmoogleCounter", "ShmoogleCounter\ShmoogleCounter.csproj", "{C41F2FDD-BBB6-47D3-B842-A90DF8CE0DB2}"
EndProject
Global
	GlobalSection(SolutionConfigurationPlatforms) = preSolution
		Debug|Any CPU = Debug|Any CPU
		Release|Any CPU = Release|Any CPU
	EndGlobalSection
	GlobalSection(ProjectConfigurationPlatforms) = postSolution
		{984D1B3D-451A-4102-AF1D-7681186FE297}.Debug|Any CPU.ActiveCfg = Debug|Any CPU
		{984D1B3D-451A-4102-AF1D-7681186FE297}.Debug|Any CPU.Build.0 = Debug|Any CPU
		{984D1B3D-451A-4102-AF1D-7681186FE297}.Release|Any CPU.ActiveCfg = Release|Any CPU
		{984D1B3D-451A-4102-AF1D-7681186FE297}.Release|Any CPU.Build.0 = Release|Any CPU
		{D88B2B14-670E-4A7F-8DC8-F440DDFD8D07}.Debug|Any CPU.ActiveCfg = Debug|Any CPU
		{D88B2B14-670E-4A7F-8DC8-F440DDFD8D07}.Debug|Any CPU.Build.0 = Debug|Any CPU
		{D88B2B14-670E-4A7F-8DC8-F440DDFD8D07}.Release|Any CPU.ActiveCfg = Release|Any CPU
		{D88B2B14-670E-4A7F-8DC8-F440DDFD8D07}.Release|Any CPU.Build.0 = Release|Any CPU
		{C41F2FDD-BBB6-47D3-B842-A90DF8CE0DB2}.Debug|Any CPU.ActiveCfg = Debug|Any CPU
		{C41F2FDD-BBB6-47D3-B842-A90DF8CE0DB2}.Debug|Any CPU.Build.0 = Debug|Any CPU
		{C41F2FDD-BBB6-47D3-B842-A90DF8CE0DB2}.Release|Any CPU.ActiveCfg = Release|Any CPU
		{C41F2FDD-BBB6-47D3-B842-A90DF8CE0DB2}.Release|Any CPU.Build.0 = Release|Any CPU
	EndGlobalSection
	GlobalSection(SolutionProperties) = preSolution
		HideSolutionNode = FALSE
	EndGlobalSection
EndGlobal
