
Microsoft Visual Studio Solution File, Format Version 12.00
# Visual Studio 2013
VisualStudioVersion = 12.0.21005.1
MinimumVisualStudioVersion = 10.0.40219.1
Project("{FAE04EC0-301F-11D3-BF4B-00C04F79EFBC}") = "TravelAgency", "TravelAgency\TravelAgency.csproj", "{5D6F0D6E-8A02-4AB7-BFBA-3AA3D40BAF63}"
EndProject
Project("{FAE04EC0-301F-11D3-BF4B-00C04F79EFBC}") = "TravelAgencyUnitTests", "TravelAgencyUnitTests\TravelAgencyUnitTests.csproj", "{B3D4880D-8AD5-4C16-AE42-00EE772FC2C6}"
EndProject
Global
	GlobalSection(SolutionConfigurationPlatforms) = preSolution
		Debug|Any CPU = Debug|Any CPU
		Release|Any CPU = Release|Any CPU
	EndGlobalSection
	GlobalSection(ProjectConfigurationPlatforms) = postSolution
		{5D6F0D6E-8A02-4AB7-BFBA-3AA3D40BAF63}.Debug|Any CPU.ActiveCfg = Debug|Any CPU
		{5D6F0D6E-8A02-4AB7-BFBA-3AA3D40BAF63}.Debug|Any CPU.Build.0 = Debug|Any CPU
		{5D6F0D6E-8A02-4AB7-BFBA-3AA3D40BAF63}.Release|Any CPU.ActiveCfg = Release|Any CPU
		{5D6F0D6E-8A02-4AB7-BFBA-3AA3D40BAF63}.Release|Any CPU.Build.0 = Release|Any CPU
		{B3D4880D-8AD5-4C16-AE42-00EE772FC2C6}.Debug|Any CPU.ActiveCfg = Debug|Any CPU
		{B3D4880D-8AD5-4C16-AE42-00EE772FC2C6}.Debug|Any CPU.Build.0 = Debug|Any CPU
		{B3D4880D-8AD5-4C16-AE42-00EE772FC2C6}.Release|Any CPU.ActiveCfg = Release|Any CPU
		{B3D4880D-8AD5-4C16-AE42-00EE772FC2C6}.Release|Any CPU.Build.0 = Release|Any CPU
	EndGlobalSection
	GlobalSection(SolutionProperties) = preSolution
		HideSolutionNode = FALSE
	EndGlobalSection
EndGlobal
